
Microsoft Visual Studio Solution File, Format Version 12.00
# Visual Studio 15
VisualStudioVersion = 15.0.28307.136
MinimumVisualStudioVersion = 10.0.40219.1
Project("{9A19103F-16F7-4668-BE54-9A1E7A4F7556}") = "VchyORMTest", "vchy_orm\VchyORMTest\VchyORMTest.csproj", "{D2181789-798D-4610-B98A-CF33CA0D9CAE}"
EndProject
Project("{9A19103F-16F7-4668-BE54-9A1E7A4F7556}") = "VchyORMAttribute", "vchy_orm\VchyORMAttribute\VchyORMAttribute.csproj", "{495B71E7-B409-4C9B-9F30-5860F6902D4F}"
EndProject
Project("{9A19103F-16F7-4668-BE54-9A1E7A4F7556}") = "VchyORMException", "vchy_orm\VchyORMException\VchyORMException.csproj", "{97B1C2FA-7EAE-452D-A781-04DF195426EB}"
EndProject
Project("{9A19103F-16F7-4668-BE54-9A1E7A4F7556}") = "VchyORMSqlserver", "vchy_orm\VchyORMSqlserver\VchyORMSqlserver.csproj", "{655F22F4-AD17-4F07-9BED-2F549B2305A1}"
EndProject
Project("{9A19103F-16F7-4668-BE54-9A1E7A4F7556}") = "VchyORMFactory", "vchy_orm\VchyORMFactory\VchyORMFactory.csproj", "{750829AD-BD99-4A84-94E4-98C97210D350}"
EndProject
Project("{2150E333-8FDC-42A3-9474-1A3956D46DE8}") = "Db", "Db", "{D93C206E-CD6C-4FC3-8C00-70E8108545B3}"
EndProject
Project("{2150E333-8FDC-42A3-9474-1A3956D46DE8}") = "Attribute", "Attribute", "{1E20A139-6645-4990-AABA-A9B7D23D3709}"
EndProject
Project("{2150E333-8FDC-42A3-9474-1A3956D46DE8}") = "Exception", "Exception", "{8A53EE4C-6AFF-45D3-8CFE-7F522BBBACB1}"
EndProject
Project("{2150E333-8FDC-42A3-9474-1A3956D46DE8}") = "Factory", "Factory", "{8778AE5B-F2DD-44BE-9ECB-90AB901A515F}"
EndProject
Project("{2150E333-8FDC-42A3-9474-1A3956D46DE8}") = "Test", "Test", "{3F3EA3A9-1E11-4C62-902F-0C02F3A2759D}"
EndProject
Project("{2150E333-8FDC-42A3-9474-1A3956D46DE8}") = "DbSql", "DbSql", "{B0E21DA3-2CD3-4743-B1D9-CEA968158E8D}"
EndProject
Project("{FAE04EC0-301F-11D3-BF4B-00C04F79EFBC}") = "VchyORMSql", "vchy_orm\VchyORMSql\VchyORMSql.csproj", "{47FDEDD5-CFE9-4EB2-B39B-D513D0061579}"
EndProject
Project("{2150E333-8FDC-42A3-9474-1A3956D46DE8}") = "Common", "Common", "{EF6A6E0C-5C01-432C-8D56-88CA2101D209}"
EndProject
Project("{FAE04EC0-301F-11D3-BF4B-00C04F79EFBC}") = "VchyORMCommon", "vchy_orm\VchyORMCommon\VchyORMCommon.csproj", "{4E819495-3480-4B88-A04A-EB802F7777CC}"
EndProject
Project("{FAE04EC0-301F-11D3-BF4B-00C04F79EFBC}") = "VchyORMDbBase", "vchy_orm\VchyORMDbBase\VchyORMDbBase.csproj", "{E55A2C10-736A-4872-90A5-9D3D0940B385}"
EndProject
Project("{FAE04EC0-301F-11D3-BF4B-00C04F79EFBC}") = "VchyModel", "vchy_orm\VchyModel\VchyModel.csproj", "{99030799-6DCC-4212-9DF2-D00E13CEA14C}"
EndProject
Global
	GlobalSection(SolutionConfigurationPlatforms) = preSolution
		Debug|Any CPU = Debug|Any CPU
		Release|Any CPU = Release|Any CPU
	EndGlobalSection
	GlobalSection(ProjectConfigurationPlatforms) = postSolution
		{D2181789-798D-4610-B98A-CF33CA0D9CAE}.Debug|Any CPU.ActiveCfg = Debug|Any CPU
		{D2181789-798D-4610-B98A-CF33CA0D9CAE}.Debug|Any CPU.Build.0 = Debug|Any CPU
		{D2181789-798D-4610-B98A-CF33CA0D9CAE}.Release|Any CPU.ActiveCfg = Release|Any CPU
		{D2181789-798D-4610-B98A-CF33CA0D9CAE}.Release|Any CPU.Build.0 = Release|Any CPU
		{495B71E7-B409-4C9B-9F30-5860F6902D4F}.Debug|Any CPU.ActiveCfg = Debug|Any CPU
		{495B71E7-B409-4C9B-9F30-5860F6902D4F}.Debug|Any CPU.Build.0 = Debug|Any CPU
		{495B71E7-B409-4C9B-9F30-5860F6902D4F}.Release|Any CPU.ActiveCfg = Release|Any CPU
		{495B71E7-B409-4C9B-9F30-5860F6902D4F}.Release|Any CPU.Build.0 = Release|Any CPU
		{97B1C2FA-7EAE-452D-A781-04DF195426EB}.Debug|Any CPU.ActiveCfg = Debug|Any CPU
		{97B1C2FA-7EAE-452D-A781-04DF195426EB}.Debug|Any CPU.Build.0 = Debug|Any CPU
		{97B1C2FA-7EAE-452D-A781-04DF195426EB}.Release|Any CPU.ActiveCfg = Release|Any CPU
		{97B1C2FA-7EAE-452D-A781-04DF195426EB}.Release|Any CPU.Build.0 = Release|Any CPU
		{655F22F4-AD17-4F07-9BED-2F549B2305A1}.Debug|Any CPU.ActiveCfg = Debug|Any CPU
		{655F22F4-AD17-4F07-9BED-2F549B2305A1}.Debug|Any CPU.Build.0 = Debug|Any CPU
		{655F22F4-AD17-4F07-9BED-2F549B2305A1}.Release|Any CPU.ActiveCfg = Release|Any CPU
		{655F22F4-AD17-4F07-9BED-2F549B2305A1}.Release|Any CPU.Build.0 = Release|Any CPU
		{750829AD-BD99-4A84-94E4-98C97210D350}.Debug|Any CPU.ActiveCfg = Debug|Any CPU
		{750829AD-BD99-4A84-94E4-98C97210D350}.Debug|Any CPU.Build.0 = Debug|Any CPU
		{750829AD-BD99-4A84-94E4-98C97210D350}.Release|Any CPU.ActiveCfg = Release|Any CPU
		{750829AD-BD99-4A84-94E4-98C97210D350}.Release|Any CPU.Build.0 = Release|Any CPU
		{47FDEDD5-CFE9-4EB2-B39B-D513D0061579}.Debug|Any CPU.ActiveCfg = Debug|Any CPU
		{47FDEDD5-CFE9-4EB2-B39B-D513D0061579}.Debug|Any CPU.Build.0 = Debug|Any CPU
		{47FDEDD5-CFE9-4EB2-B39B-D513D0061579}.Release|Any CPU.ActiveCfg = Release|Any CPU
		{47FDEDD5-CFE9-4EB2-B39B-D513D0061579}.Release|Any CPU.Build.0 = Release|Any CPU
		{4E819495-3480-4B88-A04A-EB802F7777CC}.Debug|Any CPU.ActiveCfg = Debug|Any CPU
		{4E819495-3480-4B88-A04A-EB802F7777CC}.Debug|Any CPU.Build.0 = Debug|Any CPU
		{4E819495-3480-4B88-A04A-EB802F7777CC}.Release|Any CPU.ActiveCfg = Release|Any CPU
		{4E819495-3480-4B88-A04A-EB802F7777CC}.Release|Any CPU.Build.0 = Release|Any CPU
		{E55A2C10-736A-4872-90A5-9D3D0940B385}.Debug|Any CPU.ActiveCfg = Debug|Any CPU
		{E55A2C10-736A-4872-90A5-9D3D0940B385}.Debug|Any CPU.Build.0 = Debug|Any CPU
		{E55A2C10-736A-4872-90A5-9D3D0940B385}.Release|Any CPU.ActiveCfg = Release|Any CPU
		{E55A2C10-736A-4872-90A5-9D3D0940B385}.Release|Any CPU.Build.0 = Release|Any CPU
		{99030799-6DCC-4212-9DF2-D00E13CEA14C}.Debug|Any CPU.ActiveCfg = Debug|Any CPU
		{99030799-6DCC-4212-9DF2-D00E13CEA14C}.Debug|Any CPU.Build.0 = Debug|Any CPU
		{99030799-6DCC-4212-9DF2-D00E13CEA14C}.Release|Any CPU.ActiveCfg = Release|Any CPU
		{99030799-6DCC-4212-9DF2-D00E13CEA14C}.Release|Any CPU.Build.0 = Release|Any CPU
	EndGlobalSection
	GlobalSection(SolutionProperties) = preSolution
		HideSolutionNode = FALSE
	EndGlobalSection
	GlobalSection(NestedProjects) = preSolution
		{D2181789-798D-4610-B98A-CF33CA0D9CAE} = {3F3EA3A9-1E11-4C62-902F-0C02F3A2759D}
		{495B71E7-B409-4C9B-9F30-5860F6902D4F} = {1E20A139-6645-4990-AABA-A9B7D23D3709}
		{97B1C2FA-7EAE-452D-A781-04DF195426EB} = {8A53EE4C-6AFF-45D3-8CFE-7F522BBBACB1}
		{655F22F4-AD17-4F07-9BED-2F549B2305A1} = {D93C206E-CD6C-4FC3-8C00-70E8108545B3}
		{750829AD-BD99-4A84-94E4-98C97210D350} = {8778AE5B-F2DD-44BE-9ECB-90AB901A515F}
		{47FDEDD5-CFE9-4EB2-B39B-D513D0061579} = {B0E21DA3-2CD3-4743-B1D9-CEA968158E8D}
		{4E819495-3480-4B88-A04A-EB802F7777CC} = {EF6A6E0C-5C01-432C-8D56-88CA2101D209}
		{E55A2C10-736A-4872-90A5-9D3D0940B385} = {D93C206E-CD6C-4FC3-8C00-70E8108545B3}
		{99030799-6DCC-4212-9DF2-D00E13CEA14C} = {D93C206E-CD6C-4FC3-8C00-70E8108545B3}
	EndGlobalSection
	GlobalSection(ExtensibilityGlobals) = postSolution
		SolutionGuid = {E08F2A0C-BBA1-40C8-9B5E-222655483354}
	EndGlobalSection
EndGlobal
